{
  "version": 4,
  "terraform_version": "1.11.1",
  "serial": 27,
  "lineage": "eba961e0-67c5-9c42-07b2-06d8d1c2f384",
  "outputs": {},
  "resources": [
    {
      "module": "module.compute",
      "mode": "managed",
      "type": "google_compute_firewall",
      "name": "ssh_firewall",
      "provider": "provider[\"registry.terraform.io/hashicorp/google\"]",
      "instances": [
        {
          "schema_version": 1,
          "attributes": {
            "allow": [
              {
                "ports": [
                  "22"
                ],
                "protocol": "tcp"
              }
            ],
            "creation_timestamp": "2025-03-10T04:29:45.436-07:00",
            "deny": [],
            "description": "",
            "destination_ranges": [],
            "direction": "INGRESS",
            "disabled": false,
            "enable_logging": null,
            "id": "projects/fourth-caster-453114-m7/global/firewalls/allow-ssh",
            "log_config": [],
            "name": "allow-ssh",
            "network": "https://www.googleapis.com/compute/v1/projects/fourth-caster-453114-m7/global/networks/iac-vpc",
            "priority": 1000,
            "project": "fourth-caster-453114-m7",
            "self_link": "https://www.googleapis.com/compute/v1/projects/fourth-caster-453114-m7/global/firewalls/allow-ssh",
            "source_ranges": [
              "41.90.172.27"
            ],
            "source_service_accounts": [],
            "source_tags": [],
            "target_service_accounts": [],
            "target_tags": [
              "ssh-allowed"
            ],
            "timeouts": null
          },
          "sensitive_attributes": [],
          "private": "eyJlMmJmYjczMC1lY2FhLTExZTYtOGY4OC0zNDM2M2JjN2M0YzAiOnsiY3JlYXRlIjoxMjAwMDAwMDAwMDAwLCJkZWxldGUiOjEyMDAwMDAwMDAwMDAsInVwZGF0ZSI6MTIwMDAwMDAwMDAwMH0sInNjaGVtYV92ZXJzaW9uIjoiMSJ9",
          "dependencies": [
            "module.vpc.google_compute_network.vpc"
          ]
        }
      ]
    },
    {
      "module": "module.compute",
      "mode": "managed",
      "type": "google_compute_instance",
      "name": "vm",
      "provider": "provider[\"registry.terraform.io/hashicorp/google\"]",
      "instances": [
        {
          "schema_version": 6,
          "attributes": {
            "advanced_machine_features": [],
            "allow_stopping_for_update": null,
            "attached_disk": [],
            "boot_disk": [
              {
                "auto_delete": true,
                "device_name": "persistent-disk-0",
                "disk_encryption_key_raw": "",
                "disk_encryption_key_sha256": "",
                "initialize_params": [
                  {
                    "enable_confidential_compute": false,
                    "image": "https://www.googleapis.com/compute/v1/projects/debian-cloud/global/images/debian-11-bullseye-v20250212",
                    "labels": {},
                    "provisioned_iops": 0,
                    "provisioned_throughput": 0,
                    "resource_manager_tags": {},
                    "resource_policies": [],
                    "size": 10,
                    "storage_pool": "",
                    "type": "pd-standard"
                  }
                ],
                "interface": "",
                "kms_key_self_link": "",
                "mode": "READ_WRITE",
                "source": "https://www.googleapis.com/compute/v1/projects/fourth-caster-453114-m7/zones/us-central1-a/disks/iac-vm"
              }
            ],
            "can_ip_forward": false,
            "confidential_instance_config": [],
            "cpu_platform": "AMD Rome",
            "creation_timestamp": "2025-03-10T04:30:11.858-07:00",
            "current_status": "RUNNING",
            "deletion_protection": false,
            "description": "",
            "desired_status": null,
            "effective_labels": {
              "goog-terraform-provisioned": "true"
            },
            "enable_display": false,
            "guest_accelerator": [],
            "hostname": "",
            "id": "projects/fourth-caster-453114-m7/zones/us-central1-a/instances/iac-vm",
            "instance_id": "9006103074823173036",
            "key_revocation_action_type": "",
            "label_fingerprint": "vezUS-42LLM=",
            "labels": {},
            "machine_type": "e2-medium",
            "metadata": {
              "ssh-keys": "your-username:ssh-rsa AAAAB3NzaC1yc2EAAAADAQABAAACAQCvzPLj4rj08oGHGwQL1UGRDyQsk1b0xKHbC6uM5JoX/z6BmPw9IKBfPmtf2r9eBjDy4fM8tIpmpl+IAX/DjMGFpFkO02RdnbzgPbxh02jBg8edimetlzlwecM6LqhHTWIO5LRMZR487ami9edYO43t9eBi68xD3lKVZXk1pxcRh6bT07mNxfM93uZkA1oKAQMF3s+UHi9et3pIMda9pwQUZ/+lvSlBqy2+K1sKQ7BcGhdWXyihe1kIRq/Np87zn8NjsOLxe7qVYw4DcgN6FeLcb3jNU/siQ/eOHlHertZD90raPMcQP1wFqPMHU5RfFYSSYqS7ycrtjW/Q+tbnBc22HScwMbJpyBMO7NnvvIsbO7nq2ZCz0PkGIr+ZXw4bVEgIWIGkyq2JcRkSWNxQEEL0q4FYMqzWDSL+x8wI7kSvyfYjrvXNDeVtsnepB+4WNUjRWXQ45S9B55J1tSn+nSHx9RN5LkL8BRMeWiPKwJAgqdIjtI+e9pH/c8MguwjjkFtt8/KROMaixpr8B2sJHLg/FigryMLS+q1dpigrr3Cp3pnPU5Nu63sLok1JawPuie6ORiU79BWKXQ9eq0Koe1EMOrK7uNxl1mHlJ8cgeWfDR0X5pqTyVIDQxrzjd8a6UKP/a2MgYG/mw3VNFbYCKdLbuM9X9suNV8r/0bCIsajtmQ== chimolilucy@gmail.com\n"
            },
            "metadata_fingerprint": "1LhBQdPicSY=",
            "metadata_startup_script": null,
            "min_cpu_platform": "",
            "name": "iac-vm",
            "network_interface": [
              {
                "access_config": [
                  {
                    "nat_ip": "34.29.197.7",
                    "network_tier": "PREMIUM",
                    "public_ptr_domain_name": ""
                  }
                ],
                "alias_ip_range": [],
                "internal_ipv6_prefix_length": 0,
                "ipv6_access_config": [],
                "ipv6_access_type": "",
                "ipv6_address": "",
                "name": "nic0",
                "network": "https://www.googleapis.com/compute/v1/projects/fourth-caster-453114-m7/global/networks/iac-vpc",
                "network_attachment": "",
                "network_ip": "10.0.1.2",
                "nic_type": "",
                "queue_count": 0,
                "stack_type": "IPV4_ONLY",
                "subnetwork": "https://www.googleapis.com/compute/v1/projects/fourth-caster-453114-m7/regions/us-central1/subnetworks/iac-public-subnet",
                "subnetwork_project": "fourth-caster-453114-m7"
              }
            ],
            "network_performance_config": [],
            "params": [],
            "project": "fourth-caster-453114-m7",
            "reservation_affinity": [],
            "resource_policies": [],
            "scheduling": [
              {
                "automatic_restart": true,
                "availability_domain": 0,
                "instance_termination_action": "",
                "local_ssd_recovery_timeout": [],
                "max_run_duration": [],
                "min_node_cpus": 0,
                "node_affinities": [],
                "on_host_maintenance": "MIGRATE",
                "on_instance_stop_action": [],
                "preemptible": false,
                "provisioning_model": "STANDARD"
              }
            ],
            "scratch_disk": [],
            "self_link": "https://www.googleapis.com/compute/v1/projects/fourth-caster-453114-m7/zones/us-central1-a/instances/iac-vm",
            "service_account": [],
            "shielded_instance_config": [
              {
                "enable_integrity_monitoring": true,
                "enable_secure_boot": false,
                "enable_vtpm": true
              }
            ],
            "tags": [
              "ssh-allowed"
            ],
            "tags_fingerprint": "deFdPrrhaGg=",
            "terraform_labels": {
              "goog-terraform-provisioned": "true"
            },
            "timeouts": null,
            "zone": "us-central1-a"
          },
          "sensitive_attributes": [
            [
              {
                "type": "get_attr",
                "value": "boot_disk"
              },
              {
                "type": "index",
                "value": {
                  "value": 0,
                  "type": "number"
                }
              },
              {
                "type": "get_attr",
                "value": "disk_encryption_key_raw"
              }
            ]
          ],
          "private": "eyJlMmJmYjczMC1lY2FhLTExZTYtOGY4OC0zNDM2M2JjN2M0YzAiOnsiY3JlYXRlIjoxMjAwMDAwMDAwMDAwLCJkZWxldGUiOjEyMDAwMDAwMDAwMDAsInVwZGF0ZSI6MTIwMDAwMDAwMDAwMH0sInNjaGVtYV92ZXJzaW9uIjoiNiJ9",
          "dependencies": [
            "module.vpc.google_compute_network.vpc",
            "module.vpc.google_compute_subnetwork.public_subnet"
          ]
        }
      ]
    },
    {
      "module": "module.database",
      "mode": "managed",
      "type": "google_sql_database_instance",
      "name": "db_instance",
      "provider": "provider[\"registry.terraform.io/hashicorp/google\"]",
      "instances": [
        {
          "schema_version": 0,
          "attributes": {
            "available_maintenance_versions": [],
            "clone": [],
            "connection_name": "fourth-caster-453114-m7:us-central1:iac-db",
            "database_version": "MYSQL_8_0",
            "deletion_protection": true,
            "dns_name": "",
            "encryption_key_name": null,
            "first_ip_address": "10.94.0.3",
            "id": "iac-db",
            "instance_type": "CLOUD_SQL_INSTANCE",
            "ip_address": [
              {
                "ip_address": "10.94.0.3",
                "time_to_retire": "",
                "type": "PRIVATE"
              }
            ],
            "maintenance_version": "MYSQL_8_0_37.R20241208.01_04",
            "master_instance_name": "",
            "name": "iac-db",
            "private_ip_address": "10.94.0.3",
            "project": "fourth-caster-453114-m7",
            "psc_service_attachment_link": "",
            "public_ip_address": "",
            "region": "us-central1",
            "replica_configuration": [],
            "replica_names": [],
            "replication_cluster": [
              {
                "dr_replica": false,
                "failover_dr_replica_name": ""
              }
            ],
            "restore_backup_context": [],
            "root_password": null,
            "self_link": "https://sqladmin.googleapis.com/sql/v1beta4/projects/fourth-caster-453114-m7/instances/iac-db",
            "server_ca_cert": [
              {
                "cert": "-----BEGIN CERTIFICATE-----\nMIIDfzCCAmegAwIBAgIBADANBgkqhkiG9w0BAQsFADB3MS0wKwYDVQQuEyQyZGE5\nODAzYi1jZjEyLTRkN2UtOWIzYy05ZjJiYzg1Yzg2Y2IxIzAhBgNVBAMTGkdvb2ds\nZSBDbG91ZCBTUUwgU2VydmVyIENBMRQwEgYDVQQKEwtHb29nbGUsIEluYzELMAkG\nA1UEBhMCVVMwHhcNMjUwMzEwMTI1MDAwWhcNMzUwMzA4MTI1MTAwWjB3MS0wKwYD\nVQQuEyQyZGE5ODAzYi1jZjEyLTRkN2UtOWIzYy05ZjJiYzg1Yzg2Y2IxIzAhBgNV\nBAMTGkdvb2dsZSBDbG91ZCBTUUwgU2VydmVyIENBMRQwEgYDVQQKEwtHb29nbGUs\nIEluYzELMAkGA1UEBhMCVVMwggEiMA0GCSqGSIb3DQEBAQUAA4IBDwAwggEKAoIB\nAQCW+B6sR81ndynAsSMPMdyqB5MER4AM+6vQj+ss6JNtQnY2ZCzNVpRKyHYPmnt4\ncQlPofJt183AYYD+7/ehUW4lD2cichH62IpSZuU/HsrC5nwAYlBgfricLvZ7Lbsm\nmmRkZ9up231gg0veBeD1VNeJ0YkSFvjbRTEahIXNgnx0Zb/4BzN/pkYwA7T1kvX+\n0QrOk6b2DRdqJ/1HfiKZbFl91FbXFz7WEoAyfFu3t6cYh5AxuKdAIXbYq4KkK1UV\nbLudfpVeso7OIbRKRAqkY55HXp/kjqSzUZ27DT2AUiTuE+Ezsu1/TZMgpGTyu4hR\nNCCCePkBX2THsW+MY+QqHSmnAgMBAAGjFjAUMBIGA1UdEwEB/wQIMAYBAf8CAQAw\nDQYJKoZIhvcNAQELBQADggEBAHQxpwBaag6ZFFT4Fn13MAptCiJQ5mW0/z/4dWcp\nQhoAaqcwSoawHOlDH/egCtubKJ8n5ZT7qHNCnPATg3ximk1o9lp7lKxnZNyTTJNE\ndM0ZdkmuRK+zqw98V1Iq2ZPYDQYooP2/Ctl0eVMIVdSwD8YPC8lL4gVmBHGGCx8K\nKtjZdGl5hsYbXKYo0Cg4WqMA+FMeAcdZmUN6Qx3q55krVUgRqfWqw4ZYDQSv78gq\nPFhfN/UMoYXXWzoiM84MF3zbLVlFY+jXoyeg7t0rycKly+gHJCzZPF8SjSXGADUo\nJQ5XTdx7Rc0iw5sTbkkn2s1bizi1xbPfJ+v3Vak0xEcKejI=\n-----END CERTIFICATE-----",
                "common_name": "C=US,O=Google\\, Inc,CN=Google Cloud SQL Server CA,dnQualifier=2da9803b-cf12-4d7e-9b3c-9f2bc85c86cb",
                "create_time": "2025-03-10T12:50:00.209Z",
                "expiration_time": "2035-03-08T12:51:00.209Z",
                "sha1_fingerprint": "68a50eeb14af14bc1c1d896b1228126a8cdac856"
              }
            ],
            "service_account_email_address": "p289768570851-co8x9h@gcp-sa-cloud-sql.iam.gserviceaccount.com",
            "settings": [
              {
                "activation_policy": "ALWAYS",
                "active_directory_config": [],
                "advanced_machine_features": [],
                "availability_type": "ZONAL",
                "backup_configuration": [
                  {
                    "backup_retention_settings": [
                      {
                        "retained_backups": 7,
                        "retention_unit": "COUNT"
                      }
                    ],
                    "binary_log_enabled": false,
                    "enabled": false,
                    "location": "",
                    "point_in_time_recovery_enabled": false,
                    "start_time": "08:00",
                    "transaction_log_retention_days": 7
                  }
                ],
                "collation": "",
                "connector_enforcement": "NOT_REQUIRED",
                "data_cache_config": [
                  {
                    "data_cache_enabled": false
                  }
                ],
                "database_flags": [],
                "deletion_protection_enabled": false,
                "deny_maintenance_period": [],
                "disk_autoresize": true,
                "disk_autoresize_limit": 0,
                "disk_size": 10,
                "disk_type": "PD_SSD",
                "edition": "ENTERPRISE",
                "enable_dataplex_integration": false,
                "enable_google_ml_integration": false,
                "insights_config": [],
                "ip_configuration": [
                  {
                    "allocated_ip_range": "",
                    "authorized_networks": [],
                    "enable_private_path_for_google_cloud_services": false,
                    "ipv4_enabled": false,
                    "private_network": "projects/fourth-caster-453114-m7/global/networks/iac-vpc",
                    "psc_config": [],
                    "server_ca_mode": "GOOGLE_MANAGED_INTERNAL_CA",
                    "server_ca_pool": "",
                    "ssl_mode": "ALLOW_UNENCRYPTED_AND_ENCRYPTED"
                  }
                ],
                "location_preference": [
                  {
                    "follow_gae_application": "",
                    "secondary_zone": "",
                    "zone": "us-central1-c"
                  }
                ],
                "maintenance_window": [],
                "password_validation_policy": [],
                "pricing_plan": "PER_USE",
                "sql_server_audit_config": [],
                "tier": "db-f1-micro",
                "time_zone": "",
                "user_labels": {},
                "version": 1
              }
            ],
            "timeouts": null
          },
          "sensitive_attributes": [
            [
              {
                "type": "get_attr",
                "value": "server_ca_cert"
              }
            ],
            [
              {
                "type": "get_attr",
                "value": "root_password"
              }
            ]
          ],
          "private": "eyJlMmJmYjczMC1lY2FhLTExZTYtOGY4OC0zNDM2M2JjN2M0YzAiOnsiY3JlYXRlIjo1NDAwMDAwMDAwMDAwLCJkZWxldGUiOjU0MDAwMDAwMDAwMDAsInVwZGF0ZSI6NTQwMDAwMDAwMDAwMH19",
          "dependencies": [
            "module.vpc.google_compute_network.vpc"
          ]
        }
      ]
    },
    {
      "module": "module.vpc",
      "mode": "managed",
      "type": "google_compute_network",
      "name": "vpc",
      "provider": "provider[\"registry.terraform.io/hashicorp/google\"]",
      "instances": [
        {
          "schema_version": 0,
          "attributes": {
            "auto_create_subnetworks": false,
            "bgp_always_compare_med": false,
            "bgp_best_path_selection_mode": "LEGACY",
            "bgp_inter_region_cost": "",
            "delete_default_routes_on_create": false,
            "description": "",
            "enable_ula_internal_ipv6": false,
            "gateway_ipv4": "",
            "id": "projects/fourth-caster-453114-m7/global/networks/iac-vpc",
            "internal_ipv6_range": "",
            "mtu": 0,
            "name": "iac-vpc",
            "network_firewall_policy_enforcement_order": "AFTER_CLASSIC_FIREWALL",
            "network_id": "2731627253797712893",
            "network_profile": "",
            "numeric_id": "2731627253797712893",
            "project": "fourth-caster-453114-m7",
            "routing_mode": "REGIONAL",
            "self_link": "https://www.googleapis.com/compute/v1/projects/fourth-caster-453114-m7/global/networks/iac-vpc",
            "timeouts": null
          },
          "sensitive_attributes": [],
          "private": "eyJlMmJmYjczMC1lY2FhLTExZTYtOGY4OC0zNDM2M2JjN2M0YzAiOnsiY3JlYXRlIjoxMjAwMDAwMDAwMDAwLCJkZWxldGUiOjEyMDAwMDAwMDAwMDAsInVwZGF0ZSI6MTIwMDAwMDAwMDAwMH19"
        }
      ]
    },
    {
      "module": "module.vpc",
      "mode": "managed",
      "type": "google_compute_subnetwork",
      "name": "private_subnet",
      "provider": "provider[\"registry.terraform.io/hashicorp/google\"]",
      "instances": [
        {
          "schema_version": 0,
          "attributes": {
            "creation_timestamp": "2025-03-10T04:29:45.153-07:00",
            "description": "",
            "external_ipv6_prefix": "",
            "fingerprint": null,
            "gateway_address": "10.0.2.1",
            "id": "projects/fourth-caster-453114-m7/regions/us-central1/subnetworks/iac-private-subnet",
            "internal_ipv6_prefix": "",
            "ip_cidr_range": "10.0.2.0/24",
            "ipv6_access_type": "",
            "ipv6_cidr_range": "",
            "log_config": [],
            "name": "iac-private-subnet",
            "network": "https://www.googleapis.com/compute/v1/projects/fourth-caster-453114-m7/global/networks/iac-vpc",
            "private_ip_google_access": true,
            "private_ipv6_google_access": "DISABLE_GOOGLE_ACCESS",
            "project": "fourth-caster-453114-m7",
            "purpose": "PRIVATE",
            "region": "us-central1",
            "reserved_internal_range": "",
            "role": "",
            "secondary_ip_range": [],
            "self_link": "https://www.googleapis.com/compute/v1/projects/fourth-caster-453114-m7/regions/us-central1/subnetworks/iac-private-subnet",
            "send_secondary_ip_range_if_empty": null,
            "stack_type": "IPV4_ONLY",
            "subnetwork_id": 7095594384818926534,
            "timeouts": null
          },
          "sensitive_attributes": [],
          "private": "eyJlMmJmYjczMC1lY2FhLTExZTYtOGY4OC0zNDM2M2JjN2M0YzAiOnsiY3JlYXRlIjoxMjAwMDAwMDAwMDAwLCJkZWxldGUiOjEyMDAwMDAwMDAwMDAsInVwZGF0ZSI6MTIwMDAwMDAwMDAwMH19",
          "dependencies": [
            "module.vpc.google_compute_network.vpc"
          ]
        }
      ]
    },
    {
      "module": "module.vpc",
      "mode": "managed",
      "type": "google_compute_subnetwork",
      "name": "public_subnet",
      "provider": "provider[\"registry.terraform.io/hashicorp/google\"]",
      "instances": [
        {
          "schema_version": 0,
          "attributes": {
            "creation_timestamp": "2025-03-10T04:29:45.741-07:00",
            "description": "",
            "external_ipv6_prefix": "",
            "fingerprint": null,
            "gateway_address": "10.0.1.1",
            "id": "projects/fourth-caster-453114-m7/regions/us-central1/subnetworks/iac-public-subnet",
            "internal_ipv6_prefix": "",
            "ip_cidr_range": "10.0.1.0/24",
            "ipv6_access_type": "",
            "ipv6_cidr_range": "",
            "log_config": [],
            "name": "iac-public-subnet",
            "network": "https://www.googleapis.com/compute/v1/projects/fourth-caster-453114-m7/global/networks/iac-vpc",
            "private_ip_google_access": false,
            "private_ipv6_google_access": "DISABLE_GOOGLE_ACCESS",
            "project": "fourth-caster-453114-m7",
            "purpose": "PRIVATE",
            "region": "us-central1",
            "reserved_internal_range": "",
            "role": "",
            "secondary_ip_range": [],
            "self_link": "https://www.googleapis.com/compute/v1/projects/fourth-caster-453114-m7/regions/us-central1/subnetworks/iac-public-subnet",
            "send_secondary_ip_range_if_empty": null,
            "stack_type": "IPV4_ONLY",
            "subnetwork_id": 7342197456901469126,
            "timeouts": null
          },
          "sensitive_attributes": [],
          "private": "eyJlMmJmYjczMC1lY2FhLTExZTYtOGY4OC0zNDM2M2JjN2M0YzAiOnsiY3JlYXRlIjoxMjAwMDAwMDAwMDAwLCJkZWxldGUiOjEyMDAwMDAwMDAwMDAsInVwZGF0ZSI6MTIwMDAwMDAwMDAwMH19",
          "dependencies": [
            "module.vpc.google_compute_network.vpc"
          ]
        }
      ]
    }
  ],
  "check_results": null
}
